// !$*UTF8*$!
{
	archiveVersion = 1;
	classes = {
	};
	objectVersion = 55;
	objects = {

/* Begin PBXBuildFile section */
		49458730274D3AA60032FCC9 /* LandingView.swift in Sources */ = {isa = PBXBuildFile; fileRef = 4945872F274D3AA60032FCC9 /* LandingView.swift */; };
		4A6ECF7A2742ACBF0097A981 /* ProcrastiNationApp.swift in Sources */ = {isa = PBXBuildFile; fileRef = 4A6ECF792742ACBF0097A981 /* ProcrastiNationApp.swift */; };
		4A6ECF7C2742ACBF0097A981 /* ContentView.swift in Sources */ = {isa = PBXBuildFile; fileRef = 4A6ECF7B2742ACBF0097A981 /* ContentView.swift */; };
		4A6ECF7E2742ACC10097A981 /* Assets.xcassets in Resources */ = {isa = PBXBuildFile; fileRef = 4A6ECF7D2742ACC10097A981 /* Assets.xcassets */; };
		4A6ECF812742ACC10097A981 /* Preview Assets.xcassets in Resources */ = {isa = PBXBuildFile; fileRef = 4A6ECF802742ACC10097A981 /* Preview Assets.xcassets */; };
		4A6ECF8B2742ACC10097A981 /* ProcrastiNationTests.swift in Sources */ = {isa = PBXBuildFile; fileRef = 4A6ECF8A2742ACC10097A981 /* ProcrastiNationTests.swift */; };
		4A6ECF952742ACC10097A981 /* ProcrastiNationUITests.swift in Sources */ = {isa = PBXBuildFile; fileRef = 4A6ECF942742ACC10097A981 /* ProcrastiNationUITests.swift */; };
		4A6ECF972742ACC10097A981 /* ProcrastiNationUITestsLaunchTests.swift in Sources */ = {isa = PBXBuildFile; fileRef = 4A6ECF962742ACC10097A981 /* ProcrastiNationUITestsLaunchTests.swift */; };
		4AA6C5322747E91C002DF720 /* Menu.swift in Sources */ = {isa = PBXBuildFile; fileRef = 4AA6C5312747E91C002DF720 /* Menu.swift */; };
		4AA6C5342747E9AD002DF720 /* Todo.swift in Sources */ = {isa = PBXBuildFile; fileRef = 4AA6C5332747E9AD002DF720 /* Todo.swift */; };
		4AA6C5362747E9D5002DF720 /* MainScreen.swift in Sources */ = {isa = PBXBuildFile; fileRef = 4AA6C5352747E9D5002DF720 /* MainScreen.swift */; };
		4AA6C5382747E9FD002DF720 /* NewItem.swift in Sources */ = {isa = PBXBuildFile; fileRef = 4AA6C5372747E9FD002DF720 /* NewItem.swift */; };
		4AA6C53A2747EA16002DF720 /* Settings.swift in Sources */ = {isa = PBXBuildFile; fileRef = 4AA6C5392747EA16002DF720 /* Settings.swift */; };
		4AA6C53C2747EA32002DF720 /* Persistence.swift in Sources */ = {isa = PBXBuildFile; fileRef = 4AA6C53B2747EA32002DF720 /* Persistence.swift */; };
		4AA6C53F2747EA65002DF720 /* Categories.swift in Sources */ = {isa = PBXBuildFile; fileRef = 4AA6C53E2747EA65002DF720 /* Categories.swift */; };
		4AA6C5412747EA81002DF720 /* ViewContextMethods.swift in Sources */ = {isa = PBXBuildFile; fileRef = 4AA6C5402747EA81002DF720 /* ViewContextMethods.swift */; };
		4AA6C5432747EA9E002DF720 /* Haptics.swift in Sources */ = {isa = PBXBuildFile; fileRef = 4AA6C5422747EA9E002DF720 /* Haptics.swift */; };
		4AA6C5452747EAB8002DF720 /* Screen.swift in Sources */ = {isa = PBXBuildFile; fileRef = 4AA6C5442747EAB8002DF720 /* Screen.swift */; };
		4AA6C5472747EAD4002DF720 /* GestureRecognizer.swift in Sources */ = {isa = PBXBuildFile; fileRef = 4AA6C5462747EAD4002DF720 /* GestureRecognizer.swift */; };
		4AA6C54A2747EB0D002DF720 /* CategoryCards.swift in Sources */ = {isa = PBXBuildFile; fileRef = 4AA6C5492747EB0D002DF720 /* CategoryCards.swift */; };
		4AA6C54C2747EBF5002DF720 /* Collection.swift in Sources */ = {isa = PBXBuildFile; fileRef = 4AA6C54B2747EBF5002DF720 /* Collection.swift */; };
		4AA6C54F2747EC75002DF720 /* ProcrastiNation.xcdatamodeld in Sources */ = {isa = PBXBuildFile; fileRef = 4AA6C54D2747EC75002DF720 /* ProcrastiNation.xcdatamodeld */; };
		4AA6C5502747EC75002DF720 /* ProcrastiNation.xcdatamodeld in Sources */ = {isa = PBXBuildFile; fileRef = 4AA6C54D2747EC75002DF720 /* ProcrastiNation.xcdatamodeld */; };
		4AA6C5512747EC75002DF720 /* ProcrastiNation.xcdatamodeld in Sources */ = {isa = PBXBuildFile; fileRef = 4AA6C54D2747EC75002DF720 /* ProcrastiNation.xcdatamodeld */; };
/* End PBXBuildFile section */

/* Begin PBXContainerItemProxy section */
		4A6ECF872742ACC10097A981 /* PBXContainerItemProxy */ = {
			isa = PBXContainerItemProxy;
			containerPortal = 4A6ECF6E2742ACBF0097A981 /* Project object */;
			proxyType = 1;
			remoteGlobalIDString = 4A6ECF752742ACBF0097A981;
			remoteInfo = ProcrastiNation;
		};
		4A6ECF912742ACC10097A981 /* PBXContainerItemProxy */ = {
			isa = PBXContainerItemProxy;
			containerPortal = 4A6ECF6E2742ACBF0097A981 /* Project object */;
			proxyType = 1;
			remoteGlobalIDString = 4A6ECF752742ACBF0097A981;
			remoteInfo = ProcrastiNation;
		};
/* End PBXContainerItemProxy section */

/* Begin PBXFileReference section */
		4945872F274D3AA60032FCC9 /* LandingView.swift */ = {isa = PBXFileReference; lastKnownFileType = sourcecode.swift; path = LandingView.swift; sourceTree = "<group>"; };
		4A6ECF762742ACBF0097A981 /* ProcrastiNation.app */ = {isa = PBXFileReference; explicitFileType = wrapper.application; includeInIndex = 0; path = ProcrastiNation.app; sourceTree = BUILT_PRODUCTS_DIR; };
		4A6ECF792742ACBF0097A981 /* ProcrastiNationApp.swift */ = {isa = PBXFileReference; lastKnownFileType = sourcecode.swift; path = ProcrastiNationApp.swift; sourceTree = "<group>"; };
		4A6ECF7B2742ACBF0097A981 /* ContentView.swift */ = {isa = PBXFileReference; lastKnownFileType = sourcecode.swift; path = ContentView.swift; sourceTree = "<group>"; };
		4A6ECF7D2742ACC10097A981 /* Assets.xcassets */ = {isa = PBXFileReference; lastKnownFileType = folder.assetcatalog; path = Assets.xcassets; sourceTree = "<group>"; };
		4A6ECF802742ACC10097A981 /* Preview Assets.xcassets */ = {isa = PBXFileReference; lastKnownFileType = folder.assetcatalog; path = "Preview Assets.xcassets"; sourceTree = "<group>"; };
		4A6ECF862742ACC10097A981 /* ProcrastiNationTests.xctest */ = {isa = PBXFileReference; explicitFileType = wrapper.cfbundle; includeInIndex = 0; path = ProcrastiNationTests.xctest; sourceTree = BUILT_PRODUCTS_DIR; };
		4A6ECF8A2742ACC10097A981 /* ProcrastiNationTests.swift */ = {isa = PBXFileReference; lastKnownFileType = sourcecode.swift; path = ProcrastiNationTests.swift; sourceTree = "<group>"; };
		4A6ECF902742ACC10097A981 /* ProcrastiNationUITests.xctest */ = {isa = PBXFileReference; explicitFileType = wrapper.cfbundle; includeInIndex = 0; path = ProcrastiNationUITests.xctest; sourceTree = BUILT_PRODUCTS_DIR; };
		4A6ECF942742ACC10097A981 /* ProcrastiNationUITests.swift */ = {isa = PBXFileReference; lastKnownFileType = sourcecode.swift; path = ProcrastiNationUITests.swift; sourceTree = "<group>"; };
		4A6ECF962742ACC10097A981 /* ProcrastiNationUITestsLaunchTests.swift */ = {isa = PBXFileReference; lastKnownFileType = sourcecode.swift; path = ProcrastiNationUITestsLaunchTests.swift; sourceTree = "<group>"; };
		4AA6C5312747E91C002DF720 /* Menu.swift */ = {isa = PBXFileReference; lastKnownFileType = sourcecode.swift; path = Menu.swift; sourceTree = "<group>"; };
		4AA6C5332747E9AD002DF720 /* Todo.swift */ = {isa = PBXFileReference; lastKnownFileType = sourcecode.swift; path = Todo.swift; sourceTree = "<group>"; };
		4AA6C5352747E9D5002DF720 /* MainScreen.swift */ = {isa = PBXFileReference; lastKnownFileType = sourcecode.swift; path = MainScreen.swift; sourceTree = "<group>"; };
		4AA6C5372747E9FD002DF720 /* NewItem.swift */ = {isa = PBXFileReference; lastKnownFileType = sourcecode.swift; path = NewItem.swift; sourceTree = "<group>"; };
		4AA6C5392747EA16002DF720 /* Settings.swift */ = {isa = PBXFileReference; lastKnownFileType = sourcecode.swift; path = Settings.swift; sourceTree = "<group>"; };
		4AA6C53B2747EA32002DF720 /* Persistence.swift */ = {isa = PBXFileReference; lastKnownFileType = sourcecode.swift; path = Persistence.swift; sourceTree = "<group>"; };
		4AA6C53E2747EA65002DF720 /* Categories.swift */ = {isa = PBXFileReference; lastKnownFileType = sourcecode.swift; path = Categories.swift; sourceTree = "<group>"; };
		4AA6C5402747EA81002DF720 /* ViewContextMethods.swift */ = {isa = PBXFileReference; lastKnownFileType = sourcecode.swift; path = ViewContextMethods.swift; sourceTree = "<group>"; };
		4AA6C5422747EA9E002DF720 /* Haptics.swift */ = {isa = PBXFileReference; lastKnownFileType = sourcecode.swift; path = Haptics.swift; sourceTree = "<group>"; };
		4AA6C5442747EAB8002DF720 /* Screen.swift */ = {isa = PBXFileReference; lastKnownFileType = sourcecode.swift; path = Screen.swift; sourceTree = "<group>"; };
		4AA6C5462747EAD4002DF720 /* GestureRecognizer.swift */ = {isa = PBXFileReference; lastKnownFileType = sourcecode.swift; path = GestureRecognizer.swift; sourceTree = "<group>"; };
		4AA6C5492747EB0D002DF720 /* CategoryCards.swift */ = {isa = PBXFileReference; lastKnownFileType = sourcecode.swift; path = CategoryCards.swift; sourceTree = "<group>"; };
		4AA6C54B2747EBF5002DF720 /* Collection.swift */ = {isa = PBXFileReference; lastKnownFileType = sourcecode.swift; path = Collection.swift; sourceTree = "<group>"; };
		4AA6C54E2747EC75002DF720 /* TodoAppSwiftUI3.xcdatamodel */ = {isa = PBXFileReference; lastKnownFileType = wrapper.xcdatamodel; path = TodoAppSwiftUI3.xcdatamodel; sourceTree = "<group>"; };
/* End PBXFileReference section */

/* Begin PBXFrameworksBuildPhase section */
		4A6ECF732742ACBF0097A981 /* Frameworks */ = {
			isa = PBXFrameworksBuildPhase;
			buildActionMask = 2147483647;
			files = (
			);
			runOnlyForDeploymentPostprocessing = 0;
		};
		4A6ECF832742ACC10097A981 /* Frameworks */ = {
			isa = PBXFrameworksBuildPhase;
			buildActionMask = 2147483647;
			files = (
			);
			runOnlyForDeploymentPostprocessing = 0;
		};
		4A6ECF8D2742ACC10097A981 /* Frameworks */ = {
			isa = PBXFrameworksBuildPhase;
			buildActionMask = 2147483647;
			files = (
			);
			runOnlyForDeploymentPostprocessing = 0;
		};
/* End PBXFrameworksBuildPhase section */

/* Begin PBXGroup section */
		4A6ECF6D2742ACBF0097A981 = {
			isa = PBXGroup;
			children = (
				4A6ECF782742ACBF0097A981 /* ProcrastiNation */,
				4A6ECF892742ACC10097A981 /* ProcrastiNationTests */,
				4A6ECF932742ACC10097A981 /* ProcrastiNationUITests */,
				4A6ECF772742ACBF0097A981 /* Products */,
			);
			sourceTree = "<group>";
		};
		4A6ECF772742ACBF0097A981 /* Products */ = {
			isa = PBXGroup;
			children = (
				4A6ECF762742ACBF0097A981 /* ProcrastiNation.app */,
				4A6ECF862742ACC10097A981 /* ProcrastiNationTests.xctest */,
				4A6ECF902742ACC10097A981 /* ProcrastiNationUITests.xctest */,
			);
			name = Products;
			sourceTree = "<group>";
		};
		4A6ECF782742ACBF0097A981 /* ProcrastiNation */ = {
			isa = PBXGroup;
			children = (
				4AA6C5312747E91C002DF720 /* Menu.swift */,
				4AA6C5392747EA16002DF720 /* Settings.swift */,
				4AA6C53B2747EA32002DF720 /* Persistence.swift */,
				4A6ECF792742ACBF0097A981 /* ProcrastiNationApp.swift */,
				4AA6C5372747E9FD002DF720 /* NewItem.swift */,
				4AA6C5332747E9AD002DF720 /* Todo.swift */,
				4AA6C5352747E9D5002DF720 /* MainScreen.swift */,
				4A6ECF7B2742ACBF0097A981 /* ContentView.swift */,
				4AA6C54B2747EBF5002DF720 /* Collection.swift */,
				4A6ECF7D2742ACC10097A981 /* Assets.xcassets */,
				4AA6C53D2747EA48002DF720 /* Models */,
				4A6ECF7F2742ACC10097A981 /* Preview Content */,
				4945872F274D3AA60032FCC9 /* LandingView.swift */,
			);
			path = ProcrastiNation;
			sourceTree = "<group>";
		};
		4A6ECF7F2742ACC10097A981 /* Preview Content */ = {
			isa = PBXGroup;
			children = (
				4A6ECF802742ACC10097A981 /* Preview Assets.xcassets */,
			);
			path = "Preview Content";
			sourceTree = "<group>";
		};
		4A6ECF892742ACC10097A981 /* ProcrastiNationTests */ = {
			isa = PBXGroup;
			children = (
				4A6ECF8A2742ACC10097A981 /* ProcrastiNationTests.swift */,
			);
			path = ProcrastiNationTests;
			sourceTree = "<group>";
		};
		4A6ECF932742ACC10097A981 /* ProcrastiNationUITests */ = {
			isa = PBXGroup;
			children = (
				4A6ECF942742ACC10097A981 /* ProcrastiNationUITests.swift */,
				4A6ECF962742ACC10097A981 /* ProcrastiNationUITestsLaunchTests.swift */,
				4AA6C5482747EAE6002DF720 /* ViewModels */,
			);
			path = ProcrastiNationUITests;
			sourceTree = "<group>";
		};
		4AA6C53D2747EA48002DF720 /* Models */ = {
			isa = PBXGroup;
			children = (
				4AA6C53E2747EA65002DF720 /* Categories.swift */,
				4AA6C5402747EA81002DF720 /* ViewContextMethods.swift */,
				4AA6C5422747EA9E002DF720 /* Haptics.swift */,
				4AA6C5442747EAB8002DF720 /* Screen.swift */,
				4AA6C5462747EAD4002DF720 /* GestureRecognizer.swift */,
			);
			path = Models;
			sourceTree = "<group>";
		};
		4AA6C5482747EAE6002DF720 /* ViewModels */ = {
			isa = PBXGroup;
			children = (
				4AA6C5492747EB0D002DF720 /* CategoryCards.swift */,
				4AA6C54D2747EC75002DF720 /* ProcrastiNation.xcdatamodeld */,
			);
			path = ViewModels;
			sourceTree = "<group>";
		};
/* End PBXGroup section */

/* Begin PBXNativeTarget section */
		4A6ECF752742ACBF0097A981 /* ProcrastiNation */ = {
			isa = PBXNativeTarget;
			buildConfigurationList = 4A6ECF9A2742ACC10097A981 /* Build configuration list for PBXNativeTarget "ProcrastiNation" */;
			buildPhases = (
				4A6ECF722742ACBF0097A981 /* Sources */,
				4A6ECF732742ACBF0097A981 /* Frameworks */,
				4A6ECF742742ACBF0097A981 /* Resources */,
			);
			buildRules = (
			);
			dependencies = (
			);
			name = ProcrastiNation;
			productName = ProcrastiNation;
			productReference = 4A6ECF762742ACBF0097A981 /* ProcrastiNation.app */;
			productType = "com.apple.product-type.application";
		};
		4A6ECF852742ACC10097A981 /* ProcrastiNationTests */ = {
			isa = PBXNativeTarget;
			buildConfigurationList = 4A6ECF9D2742ACC10097A981 /* Build configuration list for PBXNativeTarget "ProcrastiNationTests" */;
			buildPhases = (
				4A6ECF822742ACC10097A981 /* Sources */,
				4A6ECF832742ACC10097A981 /* Frameworks */,
				4A6ECF842742ACC10097A981 /* Resources */,
			);
			buildRules = (
			);
			dependencies = (
				4A6ECF882742ACC10097A981 /* PBXTargetDependency */,
			);
			name = ProcrastiNationTests;
			productName = ProcrastiNationTests;
			productReference = 4A6ECF862742ACC10097A981 /* ProcrastiNationTests.xctest */;
			productType = "com.apple.product-type.bundle.unit-test";
		};
		4A6ECF8F2742ACC10097A981 /* ProcrastiNationUITests */ = {
			isa = PBXNativeTarget;
			buildConfigurationList = 4A6ECFA02742ACC10097A981 /* Build configuration list for PBXNativeTarget "ProcrastiNationUITests" */;
			buildPhases = (
				4A6ECF8C2742ACC10097A981 /* Sources */,
				4A6ECF8D2742ACC10097A981 /* Frameworks */,
				4A6ECF8E2742ACC10097A981 /* Resources */,
			);
			buildRules = (
			);
			dependencies = (
				4A6ECF922742ACC10097A981 /* PBXTargetDependency */,
			);
			name = ProcrastiNationUITests;
			productName = ProcrastiNationUITests;
			productReference = 4A6ECF902742ACC10097A981 /* ProcrastiNationUITests.xctest */;
			productType = "com.apple.product-type.bundle.ui-testing";
		};
/* End PBXNativeTarget section */

/* Begin PBXProject section */
		4A6ECF6E2742ACBF0097A981 /* Project object */ = {
			isa = PBXProject;
			attributes = {
				BuildIndependentTargetsInParallel = 1;
				LastSwiftUpdateCheck = 1300;
				LastUpgradeCheck = 1300;
				TargetAttributes = {
					4A6ECF752742ACBF0097A981 = {
						CreatedOnToolsVersion = 13.0;
					};
					4A6ECF852742ACC10097A981 = {
						CreatedOnToolsVersion = 13.0;
						TestTargetID = 4A6ECF752742ACBF0097A981;
					};
					4A6ECF8F2742ACC10097A981 = {
						CreatedOnToolsVersion = 13.0;
						TestTargetID = 4A6ECF752742ACBF0097A981;
					};
				};
			};
			buildConfigurationList = 4A6ECF712742ACBF0097A981 /* Build configuration list for PBXProject "LaunchProcrastination" */;
			compatibilityVersion = "Xcode 13.0";
			developmentRegion = en;
			hasScannedForEncodings = 0;
			knownRegions = (
				en,
				Base,
			);
			mainGroup = 4A6ECF6D2742ACBF0097A981;
			productRefGroup = 4A6ECF772742ACBF0097A981 /* Products */;
			projectDirPath = "";
			projectRoot = "";
			targets = (
				4A6ECF752742ACBF0097A981 /* ProcrastiNation */,
				4A6ECF852742ACC10097A981 /* ProcrastiNationTests */,
				4A6ECF8F2742ACC10097A981 /* ProcrastiNationUITests */,
			);
		};
/* End PBXProject section */

/* Begin PBXResourcesBuildPhase section */
		4A6ECF742742ACBF0097A981 /* Resources */ = {
			isa = PBXResourcesBuildPhase;
			buildActionMask = 2147483647;
			files = (
				4A6ECF812742ACC10097A981 /* Preview Assets.xcassets in Resources */,
				4A6ECF7E2742ACC10097A981 /* Assets.xcassets in Resources */,
			);
			runOnlyForDeploymentPostprocessing = 0;
		};
		4A6ECF842742ACC10097A981 /* Resources */ = {
			isa = PBXResourcesBuildPhase;
			buildActionMask = 2147483647;
			files = (
			);
			runOnlyForDeploymentPostprocessing = 0;
		};
		4A6ECF8E2742ACC10097A981 /* Resources */ = {
			isa = PBXResourcesBuildPhase;
			buildActionMask = 2147483647;
			files = (
			);
			runOnlyForDeploymentPostprocessing = 0;
		};
/* End PBXResourcesBuildPhase section */

/* Begin PBXSourcesBuildPhase section */
		4A6ECF722742ACBF0097A981 /* Sources */ = {
			isa = PBXSourcesBuildPhase;
			buildActionMask = 2147483647;
			files = (
				4AA6C5322747E91C002DF720 /* Menu.swift in Sources */,
				4AA6C53C2747EA32002DF720 /* Persistence.swift in Sources */,
				4AA6C5432747EA9E002DF720 /* Haptics.swift in Sources */,
				4AA6C54A2747EB0D002DF720 /* CategoryCards.swift in Sources */,
				4AA6C54F2747EC75002DF720 /* ProcrastiNation.xcdatamodeld in Sources */,
				4AA6C5382747E9FD002DF720 /* NewItem.swift in Sources */,
				49458730274D3AA60032FCC9 /* LandingView.swift in Sources */,
				4A6ECF7C2742ACBF0097A981 /* ContentView.swift in Sources */,
				4AA6C54C2747EBF5002DF720 /* Collection.swift in Sources */,
				4AA6C5362747E9D5002DF720 /* MainScreen.swift in Sources */,
				4AA6C53F2747EA65002DF720 /* Categories.swift in Sources */,
				4AA6C53A2747EA16002DF720 /* Settings.swift in Sources */,
				4AA6C5412747EA81002DF720 /* ViewContextMethods.swift in Sources */,
				4A6ECF7A2742ACBF0097A981 /* ProcrastiNationApp.swift in Sources */,
				4AA6C5342747E9AD002DF720 /* Todo.swift in Sources */,
				4AA6C5452747EAB8002DF720 /* Screen.swift in Sources */,
				4AA6C5472747EAD4002DF720 /* GestureRecognizer.swift in Sources */,
			);
			runOnlyForDeploymentPostprocessing = 0;
		};
		4A6ECF822742ACC10097A981 /* Sources */ = {
			isa = PBXSourcesBuildPhase;
			buildActionMask = 2147483647;
			files = (
				4AA6C5502747EC75002DF720 /* ProcrastiNation.xcdatamodeld in Sources */,
				4A6ECF8B2742ACC10097A981 /* ProcrastiNationTests.swift in Sources */,
			);
			runOnlyForDeploymentPostprocessing = 0;
		};
		4A6ECF8C2742ACC10097A981 /* Sources */ = {
			isa = PBXSourcesBuildPhase;
			buildActionMask = 2147483647;
			files = (
				4A6ECF952742ACC10097A981 /* ProcrastiNationUITests.swift in Sources */,
				4AA6C5512747EC75002DF720 /* ProcrastiNation.xcdatamodeld in Sources */,
				4A6ECF972742ACC10097A981 /* ProcrastiNationUITestsLaunchTests.swift in Sources */,
			);
			runOnlyForDeploymentPostprocessing = 0;
		};
/* End PBXSourcesBuildPhase section */

/* Begin PBXTargetDependency section */
		4A6ECF882742ACC10097A981 /* PBXTargetDependency */ = {
			isa = PBXTargetDependency;
			target = 4A6ECF752742ACBF0097A981 /* ProcrastiNation */;
			targetProxy = 4A6ECF872742ACC10097A981 /* PBXContainerItemProxy */;
		};
		4A6ECF922742ACC10097A981 /* PBXTargetDependency */ = {
			isa = PBXTargetDependency;
			target = 4A6ECF752742ACBF0097A981 /* ProcrastiNation */;
			targetProxy = 4A6ECF912742ACC10097A981 /* PBXContainerItemProxy */;
		};
/* End PBXTargetDependency section */

/* Begin XCBuildConfiguration section */
		4A6ECF982742ACC10097A981 /* Debug */ = {
			isa = XCBuildConfiguration;
			buildSettings = {
				ALWAYS_SEARCH_USER_PATHS = NO;
				CLANG_ANALYZER_NONNULL = YES;
				CLANG_ANALYZER_NUMBER_OBJECT_CONVERSION = YES_AGGRESSIVE;
				CLANG_CXX_LANGUAGE_STANDARD = "gnu++17";
				CLANG_CXX_LIBRARY = "libc++";
				CLANG_ENABLE_MODULES = YES;
				CLANG_ENABLE_OBJC_ARC = YES;
				CLANG_ENABLE_OBJC_WEAK = YES;
				CLANG_WARN_BLOCK_CAPTURE_AUTORELEASING = YES;
				CLANG_WARN_BOOL_CONVERSION = YES;
				CLANG_WARN_COMMA = YES;
				CLANG_WARN_CONSTANT_CONVERSION = YES;
				CLANG_WARN_DEPRECATED_OBJC_IMPLEMENTATIONS = YES;
				CLANG_WARN_DIRECT_OBJC_ISA_USAGE = YES_ERROR;
				CLANG_WARN_DOCUMENTATION_COMMENTS = YES;
				CLANG_WARN_EMPTY_BODY = YES;
				CLANG_WARN_ENUM_CONVERSION = YES;
				CLANG_WARN_INFINITE_RECURSION = YES;
				CLANG_WARN_INT_CONVERSION = YES;
				CLANG_WARN_NON_LITERAL_NULL_CONVERSION = YES;
				CLANG_WARN_OBJC_IMPLICIT_RETAIN_SELF = YES;
				CLANG_WARN_OBJC_LITERAL_CONVERSION = YES;
				CLANG_WARN_OBJC_ROOT_CLASS = YES_ERROR;
				CLANG_WARN_QUOTED_INCLUDE_IN_FRAMEWORK_HEADER = YES;
				CLANG_WARN_RANGE_LOOP_ANALYSIS = YES;
				CLANG_WARN_STRICT_PROTOTYPES = YES;
				CLANG_WARN_SUSPICIOUS_MOVE = YES;
				CLANG_WARN_UNGUARDED_AVAILABILITY = YES_AGGRESSIVE;
				CLANG_WARN_UNREACHABLE_CODE = YES;
				CLANG_WARN__DUPLICATE_METHOD_MATCH = YES;
				COPY_PHASE_STRIP = NO;
				DEBUG_INFORMATION_FORMAT = dwarf;
				ENABLE_STRICT_OBJC_MSGSEND = YES;
				ENABLE_TESTABILITY = YES;
				GCC_C_LANGUAGE_STANDARD = gnu11;
				GCC_DYNAMIC_NO_PIC = NO;
				GCC_NO_COMMON_BLOCKS = YES;
				GCC_OPTIMIZATION_LEVEL = 0;
				GCC_PREPROCESSOR_DEFINITIONS = (
					"DEBUG=1",
					"$(inherited)",
				);
				GCC_WARN_64_TO_32_BIT_CONVERSION = YES;
				GCC_WARN_ABOUT_RETURN_TYPE = YES_ERROR;
				GCC_WARN_UNDECLARED_SELECTOR = YES;
				GCC_WARN_UNINITIALIZED_AUTOS = YES_AGGRESSIVE;
				GCC_WARN_UNUSED_FUNCTION = YES;
				GCC_WARN_UNUSED_VARIABLE = YES;
				IPHONEOS_DEPLOYMENT_TARGET = 15.0;
				MTL_ENABLE_DEBUG_INFO = INCLUDE_SOURCE;
				MTL_FAST_MATH = YES;
				ONLY_ACTIVE_ARCH = YES;
				SDKROOT = iphoneos;
				SWIFT_ACTIVE_COMPILATION_CONDITIONS = DEBUG;
				SWIFT_OPTIMIZATION_LEVEL = "-Onone";
			};
			name = Debug;
		};
		4A6ECF992742ACC10097A981 /* Release */ = {
			isa = XCBuildConfiguration;
			buildSettings = {
				ALWAYS_SEARCH_USER_PATHS = NO;
				CLANG_ANALYZER_NONNULL = YES;
				CLANG_ANALYZER_NUMBER_OBJECT_CONVERSION = YES_AGGRESSIVE;
				CLANG_CXX_LANGUAGE_STANDARD = "gnu++17";
				CLANG_CXX_LIBRARY = "libc++";
				CLANG_ENABLE_MODULES = YES;
				CLANG_ENABLE_OBJC_ARC = YES;
				CLANG_ENABLE_OBJC_WEAK = YES;
				CLANG_WARN_BLOCK_CAPTURE_AUTORELEASING = YES;
				CLANG_WARN_BOOL_CONVERSION = YES;
				CLANG_WARN_COMMA = YES;
				CLANG_WARN_CONSTANT_CONVERSION = YES;
				CLANG_WARN_DEPRECATED_OBJC_IMPLEMENTATIONS = YES;
				CLANG_WARN_DIRECT_OBJC_ISA_USAGE = YES_ERROR;
				CLANG_WARN_DOCUMENTATION_COMMENTS = YES;
				CLANG_WARN_EMPTY_BODY = YES;
				CLANG_WARN_ENUM_CONVERSION = YES;
				CLANG_WARN_INFINITE_RECURSION = YES;
				CLANG_WARN_INT_CONVERSION = YES;
				CLANG_WARN_NON_LITERAL_NULL_CONVERSION = YES;
				CLANG_WARN_OBJC_IMPLICIT_RETAIN_SELF = YES;
				CLANG_WARN_OBJC_LITERAL_CONVERSION = YES;
				CLANG_WARN_OBJC_ROOT_CLASS = YES_ERROR;
				CLANG_WARN_QUOTED_INCLUDE_IN_FRAMEWORK_HEADER = YES;
				CLANG_WARN_RANGE_LOOP_ANALYSIS = YES;
				CLANG_WARN_STRICT_PROTOTYPES = YES;
				CLANG_WARN_SUSPICIOUS_MOVE = YES;
				CLANG_WARN_UNGUARDED_AVAILABILITY = YES_AGGRESSIVE;
				CLANG_WARN_UNREACHABLE_CODE = YES;
				CLANG_WARN__DUPLICATE_METHOD_MATCH = YES;
				COPY_PHASE_STRIP = NO;
				DEBUG_INFORMATION_FORMAT = "dwarf-with-dsym";
				ENABLE_NS_ASSERTIONS = NO;
				ENABLE_STRICT_OBJC_MSGSEND = YES;
				GCC_C_LANGUAGE_STANDARD = gnu11;
				GCC_NO_COMMON_BLOCKS = YES;
				GCC_WARN_64_TO_32_BIT_CONVERSION = YES;
				GCC_WARN_ABOUT_RETURN_TYPE = YES_ERROR;
				GCC_WARN_UNDECLARED_SELECTOR = YES;
				GCC_WARN_UNINITIALIZED_AUTOS = YES_AGGRESSIVE;
				GCC_WARN_UNUSED_FUNCTION = YES;
				GCC_WARN_UNUSED_VARIABLE = YES;
				IPHONEOS_DEPLOYMENT_TARGET = 15.0;
				MTL_ENABLE_DEBUG_INFO = NO;
				MTL_FAST_MATH = YES;
				SDKROOT = iphoneos;
				SWIFT_COMPILATION_MODE = wholemodule;
				SWIFT_OPTIMIZATION_LEVEL = "-O";
				VALIDATE_PRODUCT = YES;
			};
			name = Release;
		};
		4A6ECF9B2742ACC10097A981 /* Debug */ = {
			isa = XCBuildConfiguration;
			buildSettings = {
				ASSETCATALOG_COMPILER_APPICON_NAME = AppIcon;
				ASSETCATALOG_COMPILER_GLOBAL_ACCENT_COLOR_NAME = AccentColor;
				CODE_SIGN_STYLE = Automatic;
				CURRENT_PROJECT_VERSION = 1;
				DEVELOPMENT_ASSET_PATHS = "\"ProcrastiNation/Preview Content\"";
				DEVELOPMENT_TEAM = KR78C54KRX;
				ENABLE_PREVIEWS = YES;
				GENERATE_INFOPLIST_FILE = YES;
				INFOPLIST_KEY_UIApplicationSceneManifest_Generation = YES;
				INFOPLIST_KEY_UIApplicationSupportsIndirectInputEvents = YES;
				INFOPLIST_KEY_UILaunchScreen_Generation = YES;
				INFOPLIST_KEY_UILaunchStoryboardName = LaunchProcrastination;
				INFOPLIST_KEY_UISupportedInterfaceOrientations_iPad = "UIInterfaceOrientationPortrait UIInterfaceOrientationPortraitUpsideDown UIInterfaceOrientationLandscapeLeft UIInterfaceOrientationLandscapeRight";
				INFOPLIST_KEY_UISupportedInterfaceOrientations_iPhone = "UIInterfaceOrientationPortrait UIInterfaceOrientationLandscapeLeft UIInterfaceOrientationLandscapeRight";
				IPHONEOS_DEPLOYMENT_TARGET = 15.0;
				LD_RUNPATH_SEARCH_PATHS = (
					"$(inherited)",
					"@executable_path/Frameworks",
				);
				MARKETING_VERSION = 1.0;
				PRODUCT_BUNDLE_IDENTIFIER = dsilix.ProcrastiNation;
				PRODUCT_NAME = "$(TARGET_NAME)";
				SWIFT_EMIT_LOC_STRINGS = YES;
				SWIFT_VERSION = 5.0;
				TARGETED_DEVICE_FAMILY = "1,2";
			};
			name = Debug;
		};
		4A6ECF9C2742ACC10097A981 /* Release */ = {
			isa = XCBuildConfiguration;
			buildSettings = {
				ASSETCATALOG_COMPILER_APPICON_NAME = AppIcon;
				ASSETCATALOG_COMPILER_GLOBAL_ACCENT_COLOR_NAME = AccentColor;
				CODE_SIGN_STYLE = Automatic;
				CURRENT_PROJECT_VERSION = 1;
				DEVELOPMENT_ASSET_PATHS = "\"ProcrastiNation/Preview Content\"";
				DEVELOPMENT_TEAM = KR78C54KRX;
				ENABLE_PREVIEWS = YES;
				GENERATE_INFOPLIST_FILE = YES;
				INFOPLIST_KEY_UIApplicationSceneManifest_Generation = YES;
				INFOPLIST_KEY_UIApplicationSupportsIndirectInputEvents = YES;
				INFOPLIST_KEY_UILaunchScreen_Generation = YES;
				INFOPLIST_KEY_UILaunchStoryboardName = LaunchProcrastination;
				INFOPLIST_KEY_UISupportedInterfaceOrientations_iPad = "UIInterfaceOrientationPortrait UIInterfaceOrientationPortraitUpsideDown UIInterfaceOrientationLandscapeLeft UIInterfaceOrientationLandscapeRight";
				INFOPLIST_KEY_UISupportedInterfaceOrientations_iPhone = "UIInterfaceOrientationPortrait UIInterfaceOrientationLandscapeLeft UIInterfaceOrientationLandscapeRight";
				IPHONEOS_DEPLOYMENT_TARGET = 15.0;
				LD_RUNPATH_SEARCH_PATHS = (
					"$(inherited)",
					"@executable_path/Frameworks",
				);
				MARKETING_VERSION = 1.0;
				PRODUCT_BUNDLE_IDENTIFIER = dsilix.ProcrastiNation;
				PRODUCT_NAME = "$(TARGET_NAME)";
				SWIFT_EMIT_LOC_STRINGS = YES;
				SWIFT_VERSION = 5.0;
				TARGETED_DEVICE_FAMILY = "1,2";
			};
			name = Release;
		};
		4A6ECF9E2742ACC10097A981 /* Debug */ = {
			isa = XCBuildConfiguration;
			buildSettings = {
				ALWAYS_EMBED_SWIFT_STANDARD_LIBRARIES = YES;
				BUNDLE_LOADER = "$(TEST_HOST)";
				CODE_SIGN_STYLE = Automatic;
				CURRENT_PROJECT_VERSION = 1;
				DEVELOPMENT_TEAM = KR78C54KRX;
				GENERATE_INFOPLIST_FILE = YES;
				IPHONEOS_DEPLOYMENT_TARGET = 14.0;
				LD_RUNPATH_SEARCH_PATHS = (
					"$(inherited)",
					"@executable_path/Frameworks",
					"@loader_path/Frameworks",
				);
				MARKETING_VERSION = 1.0;
				PRODUCT_BUNDLE_IDENTIFIER = dsilix.ProcrastiNationTests;
				PRODUCT_NAME = "$(TARGET_NAME)";
				SWIFT_EMIT_LOC_STRINGS = NO;
				SWIFT_VERSION = 5.0;
				TARGETED_DEVICE_FAMILY = "1,2";
				TEST_HOST = "$(BUILT_PRODUCTS_DIR)/ProcrastiNation.app/ProcrastiNation";
			};
			name = Debug;
		};
		4A6ECF9F2742ACC10097A981 /* Release */ = {
			isa = XCBuildConfiguration;
			buildSettings = {
				ALWAYS_EMBED_SWIFT_STANDARD_LIBRARIES = YES;
				BUNDLE_LOADER = "$(TEST_HOST)";
				CODE_SIGN_STYLE = Automatic;
				CURRENT_PROJECT_VERSION = 1;
				DEVELOPMENT_TEAM = KR78C54KRX;
				GENERATE_INFOPLIST_FILE = YES;
				IPHONEOS_DEPLOYMENT_TARGET = 14.0;
				LD_RUNPATH_SEARCH_PATHS = (
					"$(inherited)",
					"@executable_path/Frameworks",
					"@loader_path/Frameworks",
				);
				MARKETING_VERSION = 1.0;
				PRODUCT_BUNDLE_IDENTIFIER = dsilix.ProcrastiNationTests;
				PRODUCT_NAME = "$(TARGET_NAME)";
				SWIFT_EMIT_LOC_STRINGS = NO;
				SWIFT_VERSION = 5.0;
				TARGETED_DEVICE_FAMILY = "1,2";
				TEST_HOST = "$(BUILT_PRODUCTS_DIR)/ProcrastiNation.app/ProcrastiNation";
			};
			name = Release;
		};
		4A6ECFA12742ACC10097A981 /* Debug */ = {
			isa = XCBuildConfiguration;
			buildSettings = {
				ALWAYS_EMBED_SWIFT_STANDARD_LIBRARIES = YES;
				CODE_SIGN_STYLE = Automatic;
				CURRENT_PROJECT_VERSION = 1;
				DEVELOPMENT_TEAM = KR78C54KRX;
				GENERATE_INFOPLIST_FILE = YES;
				LD_RUNPATH_SEARCH_PATHS = (
					"$(inherited)",
					"@executable_path/Frameworks",
					"@loader_path/Frameworks",
				);
				MARKETING_VERSION = 1.0;
				PRODUCT_BUNDLE_IDENTIFIER = dsilix.ProcrastiNationUITests;
				PRODUCT_NAME = "$(TARGET_NAME)";
				SWIFT_EMIT_LOC_STRINGS = NO;
				SWIFT_VERSION = 5.0;
				TARGETED_DEVICE_FAMILY = "1,2";
				TEST_TARGET_NAME = ProcrastiNation;
			};
			name = Debug;
		};
		4A6ECFA22742ACC10097A981 /* Release */ = {
			isa = XCBuildConfiguration;
			buildSettings = {
				ALWAYS_EMBED_SWIFT_STANDARD_LIBRARIES = YES;
				CODE_SIGN_STYLE = Automatic;
				CURRENT_PROJECT_VERSION = 1;
				DEVELOPMENT_TEAM = KR78C54KRX;
				GENERATE_INFOPLIST_FILE = YES;
				LD_RUNPATH_SEARCH_PATHS = (
					"$(inherited)",
					"@executable_path/Frameworks",
					"@loader_path/Frameworks",
				);
				MARKETING_VERSION = 1.0;
				PRODUCT_BUNDLE_IDENTIFIER = dsilix.ProcrastiNationUITests;
				PRODUCT_NAME = "$(TARGET_NAME)";
				SWIFT_EMIT_LOC_STRINGS = NO;
				SWIFT_VERSION = 5.0;
				TARGETED_DEVICE_FAMILY = "1,2";
				TEST_TARGET_NAME = ProcrastiNation;
			};
			name = Release;
		};
/* End XCBuildConfiguration section */

/* Begin XCConfigurationList section */
		4A6ECF712742ACBF0097A981 /* Build configuration list for PBXProject "LaunchProcrastination" */ = {
			isa = XCConfigurationList;
			buildConfigurations = (
				4A6ECF982742ACC10097A981 /* Debug */,
				4A6ECF992742ACC10097A981 /* Release */,
			);
			defaultConfigurationIsVisible = 0;
			defaultConfigurationName = Release;
		};
		4A6ECF9A2742ACC10097A981 /* Build configuration list for PBXNativeTarget "ProcrastiNation" */ = {
			isa = XCConfigurationList;
			buildConfigurations = (
				4A6ECF9B2742ACC10097A981 /* Debug */,
				4A6ECF9C2742ACC10097A981 /* Release */,
			);
			defaultConfigurationIsVisible = 0;
			defaultConfigurationName = Release;
		};
		4A6ECF9D2742ACC10097A981 /* Build configuration list for PBXNativeTarget "ProcrastiNationTests" */ = {
			isa = XCConfigurationList;
			buildConfigurations = (
				4A6ECF9E2742ACC10097A981 /* Debug */,
				4A6ECF9F2742ACC10097A981 /* Release */,
			);
			defaultConfigurationIsVisible = 0;
			defaultConfigurationName = Release;
		};
		4A6ECFA02742ACC10097A981 /* Build configuration list for PBXNativeTarget "ProcrastiNationUITests" */ = {
			isa = XCConfigurationList;
			buildConfigurations = (
				4A6ECFA12742ACC10097A981 /* Debug */,
				4A6ECFA22742ACC10097A981 /* Release */,
			);
			defaultConfigurationIsVisible = 0;
			defaultConfigurationName = Release;
		};
/* End XCConfigurationList section */

/* Begin XCVersionGroup section */
		4AA6C54D2747EC75002DF720 /* ProcrastiNation.xcdatamodeld */ = {
			isa = XCVersionGroup;
			children = (
				4AA6C54E2747EC75002DF720 /* TodoAppSwiftUI3.xcdatamodel */,
			);
			currentVersion = 4AA6C54E2747EC75002DF720 /* TodoAppSwiftUI3.xcdatamodel */;
			path = ProcrastiNation.xcdatamodeld;
			sourceTree = "<group>";
			versionGroupType = wrapper.xcdatamodel;
		};
/* End XCVersionGroup section */
	};
	rootObject = 4A6ECF6E2742ACBF0097A981 /* Project object */;
}
